
Microsoft Visual Studio Solution File, Format Version 12.00
# Visual Studio 15
VisualStudioVersion = 15.0.28307.1062
MinimumVisualStudioVersion = 10.0.40219.1
Project("{FAE04EC0-301F-11D3-BF4B-00C04F79EFBC}") = "TheRedo", "TheRedo\TheRedo.csproj", "{50C81F0A-2081-4107-A5A0-7B697E8F0ADC}"
EndProject
Project("{FAE04EC0-301F-11D3-BF4B-00C04F79EFBC}") = "TheRedo.Tests", "TheRedo.Tests\TheRedo.Tests.csproj", "{6B001D42-3EE9-4AB0-A49B-8C7E61EEF1FA}"
EndProject
Global
	GlobalSection(SolutionConfigurationPlatforms) = preSolution
		Debug|Any CPU = Debug|Any CPU
		Release|Any CPU = Release|Any CPU
	EndGlobalSection
	GlobalSection(ProjectConfigurationPlatforms) = postSolution
		{50C81F0A-2081-4107-A5A0-7B697E8F0ADC}.Debug|Any CPU.ActiveCfg = Debug|Any CPU
		{50C81F0A-2081-4107-A5A0-7B697E8F0ADC}.Debug|Any CPU.Build.0 = Debug|Any CPU
		{50C81F0A-2081-4107-A5A0-7B697E8F0ADC}.Release|Any CPU.ActiveCfg = Release|Any CPU
		{50C81F0A-2081-4107-A5A0-7B697E8F0ADC}.Release|Any CPU.Build.0 = Release|Any CPU
		{6B001D42-3EE9-4AB0-A49B-8C7E61EEF1FA}.Debug|Any CPU.ActiveCfg = Debug|Any CPU
		{6B001D42-3EE9-4AB0-A49B-8C7E61EEF1FA}.Debug|Any CPU.Build.0 = Debug|Any CPU
		{6B001D42-3EE9-4AB0-A49B-8C7E61EEF1FA}.Release|Any CPU.ActiveCfg = Release|Any CPU
		{6B001D42-3EE9-4AB0-A49B-8C7E61EEF1FA}.Release|Any CPU.Build.0 = Release|Any CPU
	EndGlobalSection
	GlobalSection(SolutionProperties) = preSolution
		HideSolutionNode = FALSE
	EndGlobalSection
	GlobalSection(ExtensibilityGlobals) = postSolution
		SolutionGuid = {DB7B3184-A62D-443B-B3D1-88B453130A5E}
	EndGlobalSection
EndGlobal
